
Microsoft Visual Studio Solution File, Format Version 12.00
# Visual Studio Version 16
VisualStudioVersion = 16.0.29709.97
MinimumVisualStudioVersion = 10.0.40219.1
Project("{8BC9CEB8-8B4A-11D0-8D11-00A0C91BC942}") = "01、使用数组保存数据", "01、使用数组保存数据\01、使用数组保存数据.vcxproj", "{A27E3AB7-8D4E-4AD3-9990-D6C6567F02A9}"
EndProject
Project("{8BC9CEB8-8B4A-11D0-8D11-00A0C91BC942}") = "02、一维数组的初始化", "02、一维数组的初始化\02、一维数组的初始化.vcxproj", "{28D42110-1B2A-4F65-975A-72A8EF1ACD6F}"
EndProject
Project("{8BC9CEB8-8B4A-11D0-8D11-00A0C91BC942}") = "03、判断一个数是否在数组中", "03、判断一个数是否在数组中\03、判断一个数是否在数组中.vcxproj", "{16EFC830-0E84-4268-B4BE-D1E4326ED305}"
EndProject
Project("{8BC9CEB8-8B4A-11D0-8D11-00A0C91BC942}") = "04、选票统计", "04、选票统计\04、选票统计.vcxproj", "{5C4DF847-1C73-453F-AC94-69B62F769BFC}"
EndProject
Project("{8BC9CEB8-8B4A-11D0-8D11-00A0C91BC942}") = "05、矩阵的转置运算", "05、矩阵的转置运算\05、矩阵的转置运算.vcxproj", "{5E3DB253-1657-4E8D-8EAD-A0B08A181B7F}"
EndProject
Project("{8BC9CEB8-8B4A-11D0-8D11-00A0C91BC942}") = "06、求矩阵对角线之和（即“迹”）", "06、求矩阵对角线之和（即“迹”）\06、求矩阵对角线之和（即“迹”）.vcxproj", "{1C992B8C-9E7C-45A5-96ED-E4A2C986D110}"
EndProject
Project("{8BC9CEB8-8B4A-11D0-8D11-00A0C91BC942}") = "07、打印杨辉三角", "07、打印杨辉三角\07、打印杨辉三角.vcxproj", "{DD296D9D-FC95-42AE-850D-9D793A18E014}"
EndProject
Project("{8BC9CEB8-8B4A-11D0-8D11-00A0C91BC942}") = "08、字符数组的初始化与输入输出", "08、字符数组的初始化与输入输出\08、字符数组的初始化与输入输出.vcxproj", "{413F8AE9-6B70-4EDE-B311-938743F3CD9F}"
EndProject
Project("{8BC9CEB8-8B4A-11D0-8D11-00A0C91BC942}") = "10、字符串处理函数（strcat）", "10、字符串处理函数（strcat）\10、字符串处理函数（strcat）.vcxproj", "{A60ACF46-BE5D-43EA-AECC-7C26692D19A1}"
EndProject
Project("{8BC9CEB8-8B4A-11D0-8D11-00A0C91BC942}") = "09、字符串处理函数（puts、gets）", "09、字符串处理函数（puts、gets）\09、字符串处理函数（puts、gets）.vcxproj", "{B4264D03-0D36-46B5-AE01-8C771A5EA96F}"
EndProject
Project("{8BC9CEB8-8B4A-11D0-8D11-00A0C91BC942}") = "11、字符串处理函数（strcpy）", "11、字符串处理函数（strcpy）\11、字符串处理函数（strcpy）.vcxproj", "{607C876B-BCC5-4DED-A523-2BDEB86C83A0}"
EndProject
Project("{8BC9CEB8-8B4A-11D0-8D11-00A0C91BC942}") = "12、字符串处理函数（strcmp）", "12、字符串处理函数（strcmp）\12、字符串处理函数（strcmp）.vcxproj", "{01461D92-4835-4458-B18B-87404CD2B874}"
EndProject
Project("{8BC9CEB8-8B4A-11D0-8D11-00A0C91BC942}") = "13、字符串处理函数（strlen）", "13、字符串处理函数（strlen）\13、字符串处理函数（strlen）.vcxproj", "{F3E94DEF-DF30-49FA-8AED-6987291A7412}"
EndProject
Project("{8BC9CEB8-8B4A-11D0-8D11-00A0C91BC942}") = "14、字符串处理函数（strlwr、strupr）", "14、字符串处理函数（strlwr、strupr）\14、字符串处理函数（strlwr、strupr）.vcxproj", "{E17D4634-F8D5-49A1-9EB3-8F91364E25EC}"
EndProject
Project("{8BC9CEB8-8B4A-11D0-8D11-00A0C91BC942}") = "15、【X】统计各种字符的个数", "15、统计各种字符的个数\15、统计各种字符的个数.vcxproj", "{238AA05F-4845-460E-85E9-0C176365475D}"
EndProject
Project("{8BC9CEB8-8B4A-11D0-8D11-00A0C91BC942}") = "16、【X】字符升序排列", "16、字符升序排列\16、字符升序排列.vcxproj", "{CEB666E5-781E-4234-92DC-AFF1D9B2A7EF}"
EndProject
Project("{8BC9CEB8-8B4A-11D0-8D11-00A0C91BC942}") = "17、模拟比赛打分", "17、模拟比赛打分\17、模拟比赛打分.vcxproj", "{ABADEF06-BE8D-488C-8275-C061E7111324}"
EndProject
Project("{8BC9CEB8-8B4A-11D0-8D11-00A0C91BC942}") = "18、【0】打印5阶幻方", "18、打印5阶幻方\18、打印5阶幻方.vcxproj", "{4D266DF4-B636-4AAC-BCC4-7C48BC3BACC7}"
EndProject
Project("{8BC9CEB8-8B4A-11D0-8D11-00A0C91BC942}") = "19、【0】找出排在后面的国家名", "19、找出排在后面的国家名\19、找出排在后面的国家名.vcxproj", "{371182B2-F42F-4FD0-9ED6-65E6C3C33DDF}"
EndProject
Project("{8BC9CEB8-8B4A-11D0-8D11-00A0C91BC942}") = "20、函数的声明、定义与调用", "20、函数的声明、定义与调用\20、函数的声明、定义与调用.vcxproj", "{4D56B1CE-1E23-4FBC-967F-D408D7992DDC}"
EndProject
Project("{8BC9CEB8-8B4A-11D0-8D11-00A0C91BC942}") = "21、计算任意两个整数的积", "21、计算任意两个整数的积\21、计算任意两个整数的积.vcxproj", "{D80DFD77-8496-4328-B26D-C0C31B712AFA}"
EndProject
Project("{8BC9CEB8-8B4A-11D0-8D11-00A0C91BC942}") = "22、求最大公约数与最小公倍数", "22、求最大公约数与最小公倍数\22、求最大公约数与最小公倍数.vcxproj", "{2C9B4F26-6EB2-4C21-8ACA-B496A54906CD}"
EndProject
Project("{8BC9CEB8-8B4A-11D0-8D11-00A0C91BC942}") = "23、计算分段函数", "23、计算分段函数\23、计算分段函数.vcxproj", "{8F74A9C5-23F6-49EE-BE78-74296521A608}"
EndProject
Project("{8BC9CEB8-8B4A-11D0-8D11-00A0C91BC942}") = "24、判断素数", "24、判断素数\24、判断素数.vcxproj", "{00B2EE02-9882-4D5B-B674-E983D658BAA6}"
EndProject
Project("{8BC9CEB8-8B4A-11D0-8D11-00A0C91BC942}") = "25、数组作为函数的参数", "25、数组作为函数的参数\25、数组作为函数的参数.vcxproj", "{42C1078D-827F-4E64-9353-9D8CA5583694}"
EndProject
Project("{8BC9CEB8-8B4A-11D0-8D11-00A0C91BC942}") = "26、求字符串中字符的个数", "26、求字符串中字符的个数\26、求字符串中字符的个数.vcxproj", "{64D64944-8975-44E7-A6C6-C044E7F78876}"
EndProject
Project("{8BC9CEB8-8B4A-11D0-8D11-00A0C91BC942}") = "27、用数组写求平均数函数", "27、用数组写求平均数函数\27、用数组写求平均数函数.vcxproj", "{6291BFC9-32FB-4B2C-B6CD-687DAC16C3AD}"
EndProject
Project("{8BC9CEB8-8B4A-11D0-8D11-00A0C91BC942}") = "28、函数的三种调用方式", "28、函数的三种调用方式\28、函数的三种调用方式.vcxproj", "{D9971A94-04C7-461F-B2E4-0092DD05C63D}"
EndProject
Project("{8BC9CEB8-8B4A-11D0-8D11-00A0C91BC942}") = "29、【？】递归函数", "29、递归函数\29、递归函数.vcxproj", "{7F8A1002-A585-4C75-A6F9-A1E467CBE40B}"
EndProject
Project("{8BC9CEB8-8B4A-11D0-8D11-00A0C91BC942}") = "30、分数计算器", "30、分数计算器\30、分数计算器.vcxproj", "{8B1DE606-8556-466F-9A64-D59899BDFCC6}"
EndProject
Project("{8BC9CEB8-8B4A-11D0-8D11-00A0C91BC942}") = "31、【？】递归解分鱼问题", "31、递归解分鱼问题\31、递归解分鱼问题.vcxproj", "{AB497F9C-2A30-4C67-A143-8C07174C0BF3}"
EndProject
Project("{8BC9CEB8-8B4A-11D0-8D11-00A0C91BC942}") = "32、局部变量与全局变量", "32、局部变量与全局变量\32、局部变量与全局变量.vcxproj", "{2FDB5224-EECB-4C77-83A1-DE59419DA3EC}"
EndProject
Project("{8BC9CEB8-8B4A-11D0-8D11-00A0C91BC942}") = "33、变量的存储类别", "33、变量的存储类别\33、变量的存储类别.vcxproj", "{7C5E483A-A351-47E5-BDBD-19B0BFA9A094}"
EndProject
Project("{8BC9CEB8-8B4A-11D0-8D11-00A0C91BC942}") = "34、【0】内部函数与外部函数", "34、内部函数与外部函数\34、内部函数与外部函数.vcxproj", "{EBCDD0B9-2A9E-42E2-948A-C6A41203397D}"
EndProject
Project("{8BC9CEB8-8B4A-11D0-8D11-00A0C91BC942}") = "35、【X】数学函数（math.h）", "35、数学函数（math.h）\35、数学函数（math.h）.vcxproj", "{76A03B64-1F5D-4BA3-A7DE-71C87B080536}"
EndProject
Project("{8BC9CEB8-8B4A-11D0-8D11-00A0C91BC942}") = "36、字符函数（ctype.h）", "36、字符函数（ctype.h）\36、字符函数（ctype.h）.vcxproj", "{BCD5B9B0-2F2D-4FE1-91B0-D5EB1A97CF78}"
EndProject
Project("{8BC9CEB8-8B4A-11D0-8D11-00A0C91BC942}") = "37、推算某个日期是该年的第几天", "37、推算某个日期是该年的第几天\37、推算某个日期是该年的第几天.vcxproj", "{AB62DD2E-B4BC-47E8-80AF-410DFE440346}"
EndProject
Project("{8BC9CEB8-8B4A-11D0-8D11-00A0C91BC942}") = "38、递归解决年龄问题", "38、递归解决年龄问题\38、递归解决年龄问题.vcxproj", "{25EBC971-0839-4DDF-8D56-6F30EBAE7C9E}"
EndProject
Project("{8BC9CEB8-8B4A-11D0-8D11-00A0C91BC942}") = "39、一数三平方", "39、一数三平方\39、一数三平方.vcxproj", "{24F3809B-4DEE-4219-9A2E-3BE6CC108F17}"
EndProject
Project("{8BC9CEB8-8B4A-11D0-8D11-00A0C91BC942}") = "00、自定义函数封装", "00、自定义函数封装\00、自定义函数封装.vcxproj", "{1D7520B7-92DD-4008-A14B-55A2F9410207}"
EndProject
Project("{8BC9CEB8-8B4A-11D0-8D11-00A0C91BC942}") = "40、指针的定义、运算、指向", "40、指针的定义、运算、指向\40、指针的定义、运算、指向.vcxproj", "{895F415D-F31C-42A7-B991-384E02E89842}"
EndProject
Project("{8BC9CEB8-8B4A-11D0-8D11-00A0C91BC942}") = "41、一维数组与指针", "41、一维数组与指针\41、一维数组与指针.vcxproj", "{31A7E0FE-CC3D-4DC0-8A18-A7C919675098}"
EndProject
Global
	GlobalSection(SolutionConfigurationPlatforms) = preSolution
		Debug|x64 = Debug|x64
		Debug|x86 = Debug|x86
		Release|x64 = Release|x64
		Release|x86 = Release|x86
	EndGlobalSection
	GlobalSection(ProjectConfigurationPlatforms) = postSolution
		{A27E3AB7-8D4E-4AD3-9990-D6C6567F02A9}.Debug|x64.ActiveCfg = Debug|x64
		{A27E3AB7-8D4E-4AD3-9990-D6C6567F02A9}.Debug|x64.Build.0 = Debug|x64
		{A27E3AB7-8D4E-4AD3-9990-D6C6567F02A9}.Debug|x86.ActiveCfg = Debug|Win32
		{A27E3AB7-8D4E-4AD3-9990-D6C6567F02A9}.Debug|x86.Build.0 = Debug|Win32
		{A27E3AB7-8D4E-4AD3-9990-D6C6567F02A9}.Release|x64.ActiveCfg = Release|x64
		{A27E3AB7-8D4E-4AD3-9990-D6C6567F02A9}.Release|x64.Build.0 = Release|x64
		{A27E3AB7-8D4E-4AD3-9990-D6C6567F02A9}.Release|x86.ActiveCfg = Release|Win32
		{A27E3AB7-8D4E-4AD3-9990-D6C6567F02A9}.Release|x86.Build.0 = Release|Win32
		{28D42110-1B2A-4F65-975A-72A8EF1ACD6F}.Debug|x64.ActiveCfg = Debug|x64
		{28D42110-1B2A-4F65-975A-72A8EF1ACD6F}.Debug|x64.Build.0 = Debug|x64
		{28D42110-1B2A-4F65-975A-72A8EF1ACD6F}.Debug|x86.ActiveCfg = Debug|Win32
		{28D42110-1B2A-4F65-975A-72A8EF1ACD6F}.Debug|x86.Build.0 = Debug|Win32
		{28D42110-1B2A-4F65-975A-72A8EF1ACD6F}.Release|x64.ActiveCfg = Release|x64
		{28D42110-1B2A-4F65-975A-72A8EF1ACD6F}.Release|x64.Build.0 = Release|x64
		{28D42110-1B2A-4F65-975A-72A8EF1ACD6F}.Release|x86.ActiveCfg = Release|Win32
		{28D42110-1B2A-4F65-975A-72A8EF1ACD6F}.Release|x86.Build.0 = Release|Win32
		{16EFC830-0E84-4268-B4BE-D1E4326ED305}.Debug|x64.ActiveCfg = Debug|x64
		{16EFC830-0E84-4268-B4BE-D1E4326ED305}.Debug|x64.Build.0 = Debug|x64
		{16EFC830-0E84-4268-B4BE-D1E4326ED305}.Debug|x86.ActiveCfg = Debug|Win32
		{16EFC830-0E84-4268-B4BE-D1E4326ED305}.Debug|x86.Build.0 = Debug|Win32
		{16EFC830-0E84-4268-B4BE-D1E4326ED305}.Release|x64.ActiveCfg = Release|x64
		{16EFC830-0E84-4268-B4BE-D1E4326ED305}.Release|x64.Build.0 = Release|x64
		{16EFC830-0E84-4268-B4BE-D1E4326ED305}.Release|x86.ActiveCfg = Release|Win32
		{16EFC830-0E84-4268-B4BE-D1E4326ED305}.Release|x86.Build.0 = Release|Win32
		{5C4DF847-1C73-453F-AC94-69B62F769BFC}.Debug|x64.ActiveCfg = Debug|x64
		{5C4DF847-1C73-453F-AC94-69B62F769BFC}.Debug|x64.Build.0 = Debug|x64
		{5C4DF847-1C73-453F-AC94-69B62F769BFC}.Debug|x86.ActiveCfg = Debug|Win32
		{5C4DF847-1C73-453F-AC94-69B62F769BFC}.Debug|x86.Build.0 = Debug|Win32
		{5C4DF847-1C73-453F-AC94-69B62F769BFC}.Release|x64.ActiveCfg = Release|x64
		{5C4DF847-1C73-453F-AC94-69B62F769BFC}.Release|x64.Build.0 = Release|x64
		{5C4DF847-1C73-453F-AC94-69B62F769BFC}.Release|x86.ActiveCfg = Release|Win32
		{5C4DF847-1C73-453F-AC94-69B62F769BFC}.Release|x86.Build.0 = Release|Win32
		{5E3DB253-1657-4E8D-8EAD-A0B08A181B7F}.Debug|x64.ActiveCfg = Debug|x64
		{5E3DB253-1657-4E8D-8EAD-A0B08A181B7F}.Debug|x64.Build.0 = Debug|x64
		{5E3DB253-1657-4E8D-8EAD-A0B08A181B7F}.Debug|x86.ActiveCfg = Debug|Win32
		{5E3DB253-1657-4E8D-8EAD-A0B08A181B7F}.Debug|x86.Build.0 = Debug|Win32
		{5E3DB253-1657-4E8D-8EAD-A0B08A181B7F}.Release|x64.ActiveCfg = Release|x64
		{5E3DB253-1657-4E8D-8EAD-A0B08A181B7F}.Release|x64.Build.0 = Release|x64
		{5E3DB253-1657-4E8D-8EAD-A0B08A181B7F}.Release|x86.ActiveCfg = Release|Win32
		{5E3DB253-1657-4E8D-8EAD-A0B08A181B7F}.Release|x86.Build.0 = Release|Win32
		{1C992B8C-9E7C-45A5-96ED-E4A2C986D110}.Debug|x64.ActiveCfg = Debug|x64
		{1C992B8C-9E7C-45A5-96ED-E4A2C986D110}.Debug|x64.Build.0 = Debug|x64
		{1C992B8C-9E7C-45A5-96ED-E4A2C986D110}.Debug|x86.ActiveCfg = Debug|Win32
		{1C992B8C-9E7C-45A5-96ED-E4A2C986D110}.Debug|x86.Build.0 = Debug|Win32
		{1C992B8C-9E7C-45A5-96ED-E4A2C986D110}.Release|x64.ActiveCfg = Release|x64
		{1C992B8C-9E7C-45A5-96ED-E4A2C986D110}.Release|x64.Build.0 = Release|x64
		{1C992B8C-9E7C-45A5-96ED-E4A2C986D110}.Release|x86.ActiveCfg = Release|Win32
		{1C992B8C-9E7C-45A5-96ED-E4A2C986D110}.Release|x86.Build.0 = Release|Win32
		{DD296D9D-FC95-42AE-850D-9D793A18E014}.Debug|x64.ActiveCfg = Debug|x64
		{DD296D9D-FC95-42AE-850D-9D793A18E014}.Debug|x64.Build.0 = Debug|x64
		{DD296D9D-FC95-42AE-850D-9D793A18E014}.Debug|x86.ActiveCfg = Debug|Win32
		{DD296D9D-FC95-42AE-850D-9D793A18E014}.Debug|x86.Build.0 = Debug|Win32
		{DD296D9D-FC95-42AE-850D-9D793A18E014}.Release|x64.ActiveCfg = Release|x64
		{DD296D9D-FC95-42AE-850D-9D793A18E014}.Release|x64.Build.0 = Release|x64
		{DD296D9D-FC95-42AE-850D-9D793A18E014}.Release|x86.ActiveCfg = Release|Win32
		{DD296D9D-FC95-42AE-850D-9D793A18E014}.Release|x86.Build.0 = Release|Win32
		{413F8AE9-6B70-4EDE-B311-938743F3CD9F}.Debug|x64.ActiveCfg = Debug|x64
		{413F8AE9-6B70-4EDE-B311-938743F3CD9F}.Debug|x64.Build.0 = Debug|x64
		{413F8AE9-6B70-4EDE-B311-938743F3CD9F}.Debug|x86.ActiveCfg = Debug|Win32
		{413F8AE9-6B70-4EDE-B311-938743F3CD9F}.Debug|x86.Build.0 = Debug|Win32
		{413F8AE9-6B70-4EDE-B311-938743F3CD9F}.Release|x64.ActiveCfg = Release|x64
		{413F8AE9-6B70-4EDE-B311-938743F3CD9F}.Release|x64.Build.0 = Release|x64
		{413F8AE9-6B70-4EDE-B311-938743F3CD9F}.Release|x86.ActiveCfg = Release|Win32
		{413F8AE9-6B70-4EDE-B311-938743F3CD9F}.Release|x86.Build.0 = Release|Win32
		{A60ACF46-BE5D-43EA-AECC-7C26692D19A1}.Debug|x64.ActiveCfg = Debug|x64
		{A60ACF46-BE5D-43EA-AECC-7C26692D19A1}.Debug|x64.Build.0 = Debug|x64
		{A60ACF46-BE5D-43EA-AECC-7C26692D19A1}.Debug|x86.ActiveCfg = Debug|Win32
		{A60ACF46-BE5D-43EA-AECC-7C26692D19A1}.Debug|x86.Build.0 = Debug|Win32
		{A60ACF46-BE5D-43EA-AECC-7C26692D19A1}.Release|x64.ActiveCfg = Release|x64
		{A60ACF46-BE5D-43EA-AECC-7C26692D19A1}.Release|x64.Build.0 = Release|x64
		{A60ACF46-BE5D-43EA-AECC-7C26692D19A1}.Release|x86.ActiveCfg = Release|Win32
		{A60ACF46-BE5D-43EA-AECC-7C26692D19A1}.Release|x86.Build.0 = Release|Win32
		{B4264D03-0D36-46B5-AE01-8C771A5EA96F}.Debug|x64.ActiveCfg = Debug|x64
		{B4264D03-0D36-46B5-AE01-8C771A5EA96F}.Debug|x64.Build.0 = Debug|x64
		{B4264D03-0D36-46B5-AE01-8C771A5EA96F}.Debug|x86.ActiveCfg = Debug|Win32
		{B4264D03-0D36-46B5-AE01-8C771A5EA96F}.Debug|x86.Build.0 = Debug|Win32
		{B4264D03-0D36-46B5-AE01-8C771A5EA96F}.Release|x64.ActiveCfg = Release|x64
		{B4264D03-0D36-46B5-AE01-8C771A5EA96F}.Release|x64.Build.0 = Release|x64
		{B4264D03-0D36-46B5-AE01-8C771A5EA96F}.Release|x86.ActiveCfg = Release|Win32
		{B4264D03-0D36-46B5-AE01-8C771A5EA96F}.Release|x86.Build.0 = Release|Win32
		{607C876B-BCC5-4DED-A523-2BDEB86C83A0}.Debug|x64.ActiveCfg = Debug|x64
		{607C876B-BCC5-4DED-A523-2BDEB86C83A0}.Debug|x64.Build.0 = Debug|x64
		{607C876B-BCC5-4DED-A523-2BDEB86C83A0}.Debug|x86.ActiveCfg = Debug|Win32
		{607C876B-BCC5-4DED-A523-2BDEB86C83A0}.Debug|x86.Build.0 = Debug|Win32
		{607C876B-BCC5-4DED-A523-2BDEB86C83A0}.Release|x64.ActiveCfg = Release|x64
		{607C876B-BCC5-4DED-A523-2BDEB86C83A0}.Release|x64.Build.0 = Release|x64
		{607C876B-BCC5-4DED-A523-2BDEB86C83A0}.Release|x86.ActiveCfg = Release|Win32
		{607C876B-BCC5-4DED-A523-2BDEB86C83A0}.Release|x86.Build.0 = Release|Win32
		{01461D92-4835-4458-B18B-87404CD2B874}.Debug|x64.ActiveCfg = Debug|x64
		{01461D92-4835-4458-B18B-87404CD2B874}.Debug|x64.Build.0 = Debug|x64
		{01461D92-4835-4458-B18B-87404CD2B874}.Debug|x86.ActiveCfg = Debug|Win32
		{01461D92-4835-4458-B18B-87404CD2B874}.Debug|x86.Build.0 = Debug|Win32
		{01461D92-4835-4458-B18B-87404CD2B874}.Release|x64.ActiveCfg = Release|x64
		{01461D92-4835-4458-B18B-87404CD2B874}.Release|x64.Build.0 = Release|x64
		{01461D92-4835-4458-B18B-87404CD2B874}.Release|x86.ActiveCfg = Release|Win32
		{01461D92-4835-4458-B18B-87404CD2B874}.Release|x86.Build.0 = Release|Win32
		{F3E94DEF-DF30-49FA-8AED-6987291A7412}.Debug|x64.ActiveCfg = Debug|x64
		{F3E94DEF-DF30-49FA-8AED-6987291A7412}.Debug|x64.Build.0 = Debug|x64
		{F3E94DEF-DF30-49FA-8AED-6987291A7412}.Debug|x86.ActiveCfg = Debug|Win32
		{F3E94DEF-DF30-49FA-8AED-6987291A7412}.Debug|x86.Build.0 = Debug|Win32
		{F3E94DEF-DF30-49FA-8AED-6987291A7412}.Release|x64.ActiveCfg = Release|x64
		{F3E94DEF-DF30-49FA-8AED-6987291A7412}.Release|x64.Build.0 = Release|x64
		{F3E94DEF-DF30-49FA-8AED-6987291A7412}.Release|x86.ActiveCfg = Release|Win32
		{F3E94DEF-DF30-49FA-8AED-6987291A7412}.Release|x86.Build.0 = Release|Win32
		{E17D4634-F8D5-49A1-9EB3-8F91364E25EC}.Debug|x64.ActiveCfg = Debug|x64
		{E17D4634-F8D5-49A1-9EB3-8F91364E25EC}.Debug|x64.Build.0 = Debug|x64
		{E17D4634-F8D5-49A1-9EB3-8F91364E25EC}.Debug|x86.ActiveCfg = Debug|Win32
		{E17D4634-F8D5-49A1-9EB3-8F91364E25EC}.Debug|x86.Build.0 = Debug|Win32
		{E17D4634-F8D5-49A1-9EB3-8F91364E25EC}.Release|x64.ActiveCfg = Release|x64
		{E17D4634-F8D5-49A1-9EB3-8F91364E25EC}.Release|x64.Build.0 = Release|x64
		{E17D4634-F8D5-49A1-9EB3-8F91364E25EC}.Release|x86.ActiveCfg = Release|Win32
		{E17D4634-F8D5-49A1-9EB3-8F91364E25EC}.Release|x86.Build.0 = Release|Win32
		{238AA05F-4845-460E-85E9-0C176365475D}.Debug|x64.ActiveCfg = Debug|x64
		{238AA05F-4845-460E-85E9-0C176365475D}.Debug|x64.Build.0 = Debug|x64
		{238AA05F-4845-460E-85E9-0C176365475D}.Debug|x86.ActiveCfg = Debug|Win32
		{238AA05F-4845-460E-85E9-0C176365475D}.Debug|x86.Build.0 = Debug|Win32
		{238AA05F-4845-460E-85E9-0C176365475D}.Release|x64.ActiveCfg = Release|x64
		{238AA05F-4845-460E-85E9-0C176365475D}.Release|x64.Build.0 = Release|x64
		{238AA05F-4845-460E-85E9-0C176365475D}.Release|x86.ActiveCfg = Release|Win32
		{238AA05F-4845-460E-85E9-0C176365475D}.Release|x86.Build.0 = Release|Win32
		{CEB666E5-781E-4234-92DC-AFF1D9B2A7EF}.Debug|x64.ActiveCfg = Debug|x64
		{CEB666E5-781E-4234-92DC-AFF1D9B2A7EF}.Debug|x64.Build.0 = Debug|x64
		{CEB666E5-781E-4234-92DC-AFF1D9B2A7EF}.Debug|x86.ActiveCfg = Debug|Win32
		{CEB666E5-781E-4234-92DC-AFF1D9B2A7EF}.Debug|x86.Build.0 = Debug|Win32
		{CEB666E5-781E-4234-92DC-AFF1D9B2A7EF}.Release|x64.ActiveCfg = Release|x64
		{CEB666E5-781E-4234-92DC-AFF1D9B2A7EF}.Release|x64.Build.0 = Release|x64
		{CEB666E5-781E-4234-92DC-AFF1D9B2A7EF}.Release|x86.ActiveCfg = Release|Win32
		{CEB666E5-781E-4234-92DC-AFF1D9B2A7EF}.Release|x86.Build.0 = Release|Win32
		{ABADEF06-BE8D-488C-8275-C061E7111324}.Debug|x64.ActiveCfg = Debug|x64
		{ABADEF06-BE8D-488C-8275-C061E7111324}.Debug|x64.Build.0 = Debug|x64
		{ABADEF06-BE8D-488C-8275-C061E7111324}.Debug|x86.ActiveCfg = Debug|Win32
		{ABADEF06-BE8D-488C-8275-C061E7111324}.Debug|x86.Build.0 = Debug|Win32
		{ABADEF06-BE8D-488C-8275-C061E7111324}.Release|x64.ActiveCfg = Release|x64
		{ABADEF06-BE8D-488C-8275-C061E7111324}.Release|x64.Build.0 = Release|x64
		{ABADEF06-BE8D-488C-8275-C061E7111324}.Release|x86.ActiveCfg = Release|Win32
		{ABADEF06-BE8D-488C-8275-C061E7111324}.Release|x86.Build.0 = Release|Win32
		{4D266DF4-B636-4AAC-BCC4-7C48BC3BACC7}.Debug|x64.ActiveCfg = Debug|x64
		{4D266DF4-B636-4AAC-BCC4-7C48BC3BACC7}.Debug|x64.Build.0 = Debug|x64
		{4D266DF4-B636-4AAC-BCC4-7C48BC3BACC7}.Debug|x86.ActiveCfg = Debug|Win32
		{4D266DF4-B636-4AAC-BCC4-7C48BC3BACC7}.Debug|x86.Build.0 = Debug|Win32
		{4D266DF4-B636-4AAC-BCC4-7C48BC3BACC7}.Release|x64.ActiveCfg = Release|x64
		{4D266DF4-B636-4AAC-BCC4-7C48BC3BACC7}.Release|x64.Build.0 = Release|x64
		{4D266DF4-B636-4AAC-BCC4-7C48BC3BACC7}.Release|x86.ActiveCfg = Release|Win32
		{4D266DF4-B636-4AAC-BCC4-7C48BC3BACC7}.Release|x86.Build.0 = Release|Win32
		{371182B2-F42F-4FD0-9ED6-65E6C3C33DDF}.Debug|x64.ActiveCfg = Debug|x64
		{371182B2-F42F-4FD0-9ED6-65E6C3C33DDF}.Debug|x64.Build.0 = Debug|x64
		{371182B2-F42F-4FD0-9ED6-65E6C3C33DDF}.Debug|x86.ActiveCfg = Debug|Win32
		{371182B2-F42F-4FD0-9ED6-65E6C3C33DDF}.Debug|x86.Build.0 = Debug|Win32
		{371182B2-F42F-4FD0-9ED6-65E6C3C33DDF}.Release|x64.ActiveCfg = Release|x64
		{371182B2-F42F-4FD0-9ED6-65E6C3C33DDF}.Release|x64.Build.0 = Release|x64
		{371182B2-F42F-4FD0-9ED6-65E6C3C33DDF}.Release|x86.ActiveCfg = Release|Win32
		{371182B2-F42F-4FD0-9ED6-65E6C3C33DDF}.Release|x86.Build.0 = Release|Win32
		{4D56B1CE-1E23-4FBC-967F-D408D7992DDC}.Debug|x64.ActiveCfg = Debug|x64
		{4D56B1CE-1E23-4FBC-967F-D408D7992DDC}.Debug|x64.Build.0 = Debug|x64
		{4D56B1CE-1E23-4FBC-967F-D408D7992DDC}.Debug|x86.ActiveCfg = Debug|Win32
		{4D56B1CE-1E23-4FBC-967F-D408D7992DDC}.Debug|x86.Build.0 = Debug|Win32
		{4D56B1CE-1E23-4FBC-967F-D408D7992DDC}.Release|x64.ActiveCfg = Release|x64
		{4D56B1CE-1E23-4FBC-967F-D408D7992DDC}.Release|x64.Build.0 = Release|x64
		{4D56B1CE-1E23-4FBC-967F-D408D7992DDC}.Release|x86.ActiveCfg = Release|Win32
		{4D56B1CE-1E23-4FBC-967F-D408D7992DDC}.Release|x86.Build.0 = Release|Win32
		{D80DFD77-8496-4328-B26D-C0C31B712AFA}.Debug|x64.ActiveCfg = Debug|x64
		{D80DFD77-8496-4328-B26D-C0C31B712AFA}.Debug|x64.Build.0 = Debug|x64
		{D80DFD77-8496-4328-B26D-C0C31B712AFA}.Debug|x86.ActiveCfg = Debug|Win32
		{D80DFD77-8496-4328-B26D-C0C31B712AFA}.Debug|x86.Build.0 = Debug|Win32
		{D80DFD77-8496-4328-B26D-C0C31B712AFA}.Release|x64.ActiveCfg = Release|x64
		{D80DFD77-8496-4328-B26D-C0C31B712AFA}.Release|x64.Build.0 = Release|x64
		{D80DFD77-8496-4328-B26D-C0C31B712AFA}.Release|x86.ActiveCfg = Release|Win32
		{D80DFD77-8496-4328-B26D-C0C31B712AFA}.Release|x86.Build.0 = Release|Win32
		{2C9B4F26-6EB2-4C21-8ACA-B496A54906CD}.Debug|x64.ActiveCfg = Debug|x64
		{2C9B4F26-6EB2-4C21-8ACA-B496A54906CD}.Debug|x64.Build.0 = Debug|x64
		{2C9B4F26-6EB2-4C21-8ACA-B496A54906CD}.Debug|x86.ActiveCfg = Debug|Win32
		{2C9B4F26-6EB2-4C21-8ACA-B496A54906CD}.Debug|x86.Build.0 = Debug|Win32
		{2C9B4F26-6EB2-4C21-8ACA-B496A54906CD}.Release|x64.ActiveCfg = Release|x64
		{2C9B4F26-6EB2-4C21-8ACA-B496A54906CD}.Release|x64.Build.0 = Release|x64
		{2C9B4F26-6EB2-4C21-8ACA-B496A54906CD}.Release|x86.ActiveCfg = Release|Win32
		{2C9B4F26-6EB2-4C21-8ACA-B496A54906CD}.Release|x86.Build.0 = Release|Win32
		{8F74A9C5-23F6-49EE-BE78-74296521A608}.Debug|x64.ActiveCfg = Debug|x64
		{8F74A9C5-23F6-49EE-BE78-74296521A608}.Debug|x64.Build.0 = Debug|x64
		{8F74A9C5-23F6-49EE-BE78-74296521A608}.Debug|x86.ActiveCfg = Debug|Win32
		{8F74A9C5-23F6-49EE-BE78-74296521A608}.Debug|x86.Build.0 = Debug|Win32
		{8F74A9C5-23F6-49EE-BE78-74296521A608}.Release|x64.ActiveCfg = Release|x64
		{8F74A9C5-23F6-49EE-BE78-74296521A608}.Release|x64.Build.0 = Release|x64
		{8F74A9C5-23F6-49EE-BE78-74296521A608}.Release|x86.ActiveCfg = Release|Win32
		{8F74A9C5-23F6-49EE-BE78-74296521A608}.Release|x86.Build.0 = Release|Win32
		{00B2EE02-9882-4D5B-B674-E983D658BAA6}.Debug|x64.ActiveCfg = Debug|x64
		{00B2EE02-9882-4D5B-B674-E983D658BAA6}.Debug|x64.Build.0 = Debug|x64
		{00B2EE02-9882-4D5B-B674-E983D658BAA6}.Debug|x86.ActiveCfg = Debug|Win32
		{00B2EE02-9882-4D5B-B674-E983D658BAA6}.Debug|x86.Build.0 = Debug|Win32
		{00B2EE02-9882-4D5B-B674-E983D658BAA6}.Release|x64.ActiveCfg = Release|x64
		{00B2EE02-9882-4D5B-B674-E983D658BAA6}.Release|x64.Build.0 = Release|x64
		{00B2EE02-9882-4D5B-B674-E983D658BAA6}.Release|x86.ActiveCfg = Release|Win32
		{00B2EE02-9882-4D5B-B674-E983D658BAA6}.Release|x86.Build.0 = Release|Win32
		{42C1078D-827F-4E64-9353-9D8CA5583694}.Debug|x64.ActiveCfg = Debug|x64
		{42C1078D-827F-4E64-9353-9D8CA5583694}.Debug|x64.Build.0 = Debug|x64
		{42C1078D-827F-4E64-9353-9D8CA5583694}.Debug|x86.ActiveCfg = Debug|Win32
		{42C1078D-827F-4E64-9353-9D8CA5583694}.Debug|x86.Build.0 = Debug|Win32
		{42C1078D-827F-4E64-9353-9D8CA5583694}.Release|x64.ActiveCfg = Release|x64
		{42C1078D-827F-4E64-9353-9D8CA5583694}.Release|x64.Build.0 = Release|x64
		{42C1078D-827F-4E64-9353-9D8CA5583694}.Release|x86.ActiveCfg = Release|Win32
		{42C1078D-827F-4E64-9353-9D8CA5583694}.Release|x86.Build.0 = Release|Win32
		{64D64944-8975-44E7-A6C6-C044E7F78876}.Debug|x64.ActiveCfg = Debug|x64
		{64D64944-8975-44E7-A6C6-C044E7F78876}.Debug|x64.Build.0 = Debug|x64
		{64D64944-8975-44E7-A6C6-C044E7F78876}.Debug|x86.ActiveCfg = Debug|Win32
		{64D64944-8975-44E7-A6C6-C044E7F78876}.Debug|x86.Build.0 = Debug|Win32
		{64D64944-8975-44E7-A6C6-C044E7F78876}.Release|x64.ActiveCfg = Release|x64
		{64D64944-8975-44E7-A6C6-C044E7F78876}.Release|x64.Build.0 = Release|x64
		{64D64944-8975-44E7-A6C6-C044E7F78876}.Release|x86.ActiveCfg = Release|Win32
		{64D64944-8975-44E7-A6C6-C044E7F78876}.Release|x86.Build.0 = Release|Win32
		{6291BFC9-32FB-4B2C-B6CD-687DAC16C3AD}.Debug|x64.ActiveCfg = Debug|x64
		{6291BFC9-32FB-4B2C-B6CD-687DAC16C3AD}.Debug|x64.Build.0 = Debug|x64
		{6291BFC9-32FB-4B2C-B6CD-687DAC16C3AD}.Debug|x86.ActiveCfg = Debug|Win32
		{6291BFC9-32FB-4B2C-B6CD-687DAC16C3AD}.Debug|x86.Build.0 = Debug|Win32
		{6291BFC9-32FB-4B2C-B6CD-687DAC16C3AD}.Release|x64.ActiveCfg = Release|x64
		{6291BFC9-32FB-4B2C-B6CD-687DAC16C3AD}.Release|x64.Build.0 = Release|x64
		{6291BFC9-32FB-4B2C-B6CD-687DAC16C3AD}.Release|x86.ActiveCfg = Release|Win32
		{6291BFC9-32FB-4B2C-B6CD-687DAC16C3AD}.Release|x86.Build.0 = Release|Win32
		{D9971A94-04C7-461F-B2E4-0092DD05C63D}.Debug|x64.ActiveCfg = Debug|x64
		{D9971A94-04C7-461F-B2E4-0092DD05C63D}.Debug|x64.Build.0 = Debug|x64
		{D9971A94-04C7-461F-B2E4-0092DD05C63D}.Debug|x86.ActiveCfg = Debug|Win32
		{D9971A94-04C7-461F-B2E4-0092DD05C63D}.Debug|x86.Build.0 = Debug|Win32
		{D9971A94-04C7-461F-B2E4-0092DD05C63D}.Release|x64.ActiveCfg = Release|x64
		{D9971A94-04C7-461F-B2E4-0092DD05C63D}.Release|x64.Build.0 = Release|x64
		{D9971A94-04C7-461F-B2E4-0092DD05C63D}.Release|x86.ActiveCfg = Release|Win32
		{D9971A94-04C7-461F-B2E4-0092DD05C63D}.Release|x86.Build.0 = Release|Win32
		{7F8A1002-A585-4C75-A6F9-A1E467CBE40B}.Debug|x64.ActiveCfg = Debug|x64
		{7F8A1002-A585-4C75-A6F9-A1E467CBE40B}.Debug|x64.Build.0 = Debug|x64
		{7F8A1002-A585-4C75-A6F9-A1E467CBE40B}.Debug|x86.ActiveCfg = Debug|Win32
		{7F8A1002-A585-4C75-A6F9-A1E467CBE40B}.Debug|x86.Build.0 = Debug|Win32
		{7F8A1002-A585-4C75-A6F9-A1E467CBE40B}.Release|x64.ActiveCfg = Release|x64
		{7F8A1002-A585-4C75-A6F9-A1E467CBE40B}.Release|x64.Build.0 = Release|x64
		{7F8A1002-A585-4C75-A6F9-A1E467CBE40B}.Release|x86.ActiveCfg = Release|Win32
		{7F8A1002-A585-4C75-A6F9-A1E467CBE40B}.Release|x86.Build.0 = Release|Win32
		{8B1DE606-8556-466F-9A64-D59899BDFCC6}.Debug|x64.ActiveCfg = Debug|x64
		{8B1DE606-8556-466F-9A64-D59899BDFCC6}.Debug|x64.Build.0 = Debug|x64
		{8B1DE606-8556-466F-9A64-D59899BDFCC6}.Debug|x86.ActiveCfg = Debug|Win32
		{8B1DE606-8556-466F-9A64-D59899BDFCC6}.Debug|x86.Build.0 = Debug|Win32
		{8B1DE606-8556-466F-9A64-D59899BDFCC6}.Release|x64.ActiveCfg = Release|x64
		{8B1DE606-8556-466F-9A64-D59899BDFCC6}.Release|x64.Build.0 = Release|x64
		{8B1DE606-8556-466F-9A64-D59899BDFCC6}.Release|x86.ActiveCfg = Release|Win32
		{8B1DE606-8556-466F-9A64-D59899BDFCC6}.Release|x86.Build.0 = Release|Win32
		{AB497F9C-2A30-4C67-A143-8C07174C0BF3}.Debug|x64.ActiveCfg = Debug|x64
		{AB497F9C-2A30-4C67-A143-8C07174C0BF3}.Debug|x64.Build.0 = Debug|x64
		{AB497F9C-2A30-4C67-A143-8C07174C0BF3}.Debug|x86.ActiveCfg = Debug|Win32
		{AB497F9C-2A30-4C67-A143-8C07174C0BF3}.Debug|x86.Build.0 = Debug|Win32
		{AB497F9C-2A30-4C67-A143-8C07174C0BF3}.Release|x64.ActiveCfg = Release|x64
		{AB497F9C-2A30-4C67-A143-8C07174C0BF3}.Release|x64.Build.0 = Release|x64
		{AB497F9C-2A30-4C67-A143-8C07174C0BF3}.Release|x86.ActiveCfg = Release|Win32
		{AB497F9C-2A30-4C67-A143-8C07174C0BF3}.Release|x86.Build.0 = Release|Win32
		{2FDB5224-EECB-4C77-83A1-DE59419DA3EC}.Debug|x64.ActiveCfg = Debug|x64
		{2FDB5224-EECB-4C77-83A1-DE59419DA3EC}.Debug|x64.Build.0 = Debug|x64
		{2FDB5224-EECB-4C77-83A1-DE59419DA3EC}.Debug|x86.ActiveCfg = Debug|Win32
		{2FDB5224-EECB-4C77-83A1-DE59419DA3EC}.Debug|x86.Build.0 = Debug|Win32
		{2FDB5224-EECB-4C77-83A1-DE59419DA3EC}.Release|x64.ActiveCfg = Release|x64
		{2FDB5224-EECB-4C77-83A1-DE59419DA3EC}.Release|x64.Build.0 = Release|x64
		{2FDB5224-EECB-4C77-83A1-DE59419DA3EC}.Release|x86.ActiveCfg = Release|Win32
		{2FDB5224-EECB-4C77-83A1-DE59419DA3EC}.Release|x86.Build.0 = Release|Win32
		{7C5E483A-A351-47E5-BDBD-19B0BFA9A094}.Debug|x64.ActiveCfg = Debug|x64
		{7C5E483A-A351-47E5-BDBD-19B0BFA9A094}.Debug|x64.Build.0 = Debug|x64
		{7C5E483A-A351-47E5-BDBD-19B0BFA9A094}.Debug|x86.ActiveCfg = Debug|Win32
		{7C5E483A-A351-47E5-BDBD-19B0BFA9A094}.Debug|x86.Build.0 = Debug|Win32
		{7C5E483A-A351-47E5-BDBD-19B0BFA9A094}.Release|x64.ActiveCfg = Release|x64
		{7C5E483A-A351-47E5-BDBD-19B0BFA9A094}.Release|x64.Build.0 = Release|x64
		{7C5E483A-A351-47E5-BDBD-19B0BFA9A094}.Release|x86.ActiveCfg = Release|Win32
		{7C5E483A-A351-47E5-BDBD-19B0BFA9A094}.Release|x86.Build.0 = Release|Win32
		{EBCDD0B9-2A9E-42E2-948A-C6A41203397D}.Debug|x64.ActiveCfg = Debug|x64
		{EBCDD0B9-2A9E-42E2-948A-C6A41203397D}.Debug|x64.Build.0 = Debug|x64
		{EBCDD0B9-2A9E-42E2-948A-C6A41203397D}.Debug|x86.ActiveCfg = Debug|Win32
		{EBCDD0B9-2A9E-42E2-948A-C6A41203397D}.Debug|x86.Build.0 = Debug|Win32
		{EBCDD0B9-2A9E-42E2-948A-C6A41203397D}.Release|x64.ActiveCfg = Release|x64
		{EBCDD0B9-2A9E-42E2-948A-C6A41203397D}.Release|x64.Build.0 = Release|x64
		{EBCDD0B9-2A9E-42E2-948A-C6A41203397D}.Release|x86.ActiveCfg = Release|Win32
		{EBCDD0B9-2A9E-42E2-948A-C6A41203397D}.Release|x86.Build.0 = Release|Win32
		{76A03B64-1F5D-4BA3-A7DE-71C87B080536}.Debug|x64.ActiveCfg = Debug|x64
		{76A03B64-1F5D-4BA3-A7DE-71C87B080536}.Debug|x64.Build.0 = Debug|x64
		{76A03B64-1F5D-4BA3-A7DE-71C87B080536}.Debug|x86.ActiveCfg = Debug|Win32
		{76A03B64-1F5D-4BA3-A7DE-71C87B080536}.Debug|x86.Build.0 = Debug|Win32
		{76A03B64-1F5D-4BA3-A7DE-71C87B080536}.Release|x64.ActiveCfg = Release|x64
		{76A03B64-1F5D-4BA3-A7DE-71C87B080536}.Release|x64.Build.0 = Release|x64
		{76A03B64-1F5D-4BA3-A7DE-71C87B080536}.Release|x86.ActiveCfg = Release|Win32
		{76A03B64-1F5D-4BA3-A7DE-71C87B080536}.Release|x86.Build.0 = Release|Win32
		{BCD5B9B0-2F2D-4FE1-91B0-D5EB1A97CF78}.Debug|x64.ActiveCfg = Debug|x64
		{BCD5B9B0-2F2D-4FE1-91B0-D5EB1A97CF78}.Debug|x64.Build.0 = Debug|x64
		{BCD5B9B0-2F2D-4FE1-91B0-D5EB1A97CF78}.Debug|x86.ActiveCfg = Debug|Win32
		{BCD5B9B0-2F2D-4FE1-91B0-D5EB1A97CF78}.Debug|x86.Build.0 = Debug|Win32
		{BCD5B9B0-2F2D-4FE1-91B0-D5EB1A97CF78}.Release|x64.ActiveCfg = Release|x64
		{BCD5B9B0-2F2D-4FE1-91B0-D5EB1A97CF78}.Release|x64.Build.0 = Release|x64
		{BCD5B9B0-2F2D-4FE1-91B0-D5EB1A97CF78}.Release|x86.ActiveCfg = Release|Win32
		{BCD5B9B0-2F2D-4FE1-91B0-D5EB1A97CF78}.Release|x86.Build.0 = Release|Win32
		{AB62DD2E-B4BC-47E8-80AF-410DFE440346}.Debug|x64.ActiveCfg = Debug|x64
		{AB62DD2E-B4BC-47E8-80AF-410DFE440346}.Debug|x64.Build.0 = Debug|x64
		{AB62DD2E-B4BC-47E8-80AF-410DFE440346}.Debug|x86.ActiveCfg = Debug|Win32
		{AB62DD2E-B4BC-47E8-80AF-410DFE440346}.Debug|x86.Build.0 = Debug|Win32
		{AB62DD2E-B4BC-47E8-80AF-410DFE440346}.Release|x64.ActiveCfg = Release|x64
		{AB62DD2E-B4BC-47E8-80AF-410DFE440346}.Release|x64.Build.0 = Release|x64
		{AB62DD2E-B4BC-47E8-80AF-410DFE440346}.Release|x86.ActiveCfg = Release|Win32
		{AB62DD2E-B4BC-47E8-80AF-410DFE440346}.Release|x86.Build.0 = Release|Win32
		{25EBC971-0839-4DDF-8D56-6F30EBAE7C9E}.Debug|x64.ActiveCfg = Debug|x64
		{25EBC971-0839-4DDF-8D56-6F30EBAE7C9E}.Debug|x64.Build.0 = Debug|x64
		{25EBC971-0839-4DDF-8D56-6F30EBAE7C9E}.Debug|x86.ActiveCfg = Debug|Win32
		{25EBC971-0839-4DDF-8D56-6F30EBAE7C9E}.Debug|x86.Build.0 = Debug|Win32
		{25EBC971-0839-4DDF-8D56-6F30EBAE7C9E}.Release|x64.ActiveCfg = Release|x64
		{25EBC971-0839-4DDF-8D56-6F30EBAE7C9E}.Release|x64.Build.0 = Release|x64
		{25EBC971-0839-4DDF-8D56-6F30EBAE7C9E}.Release|x86.ActiveCfg = Release|Win32
		{25EBC971-0839-4DDF-8D56-6F30EBAE7C9E}.Release|x86.Build.0 = Release|Win32
		{24F3809B-4DEE-4219-9A2E-3BE6CC108F17}.Debug|x64.ActiveCfg = Debug|x64
		{24F3809B-4DEE-4219-9A2E-3BE6CC108F17}.Debug|x64.Build.0 = Debug|x64
		{24F3809B-4DEE-4219-9A2E-3BE6CC108F17}.Debug|x86.ActiveCfg = Debug|Win32
		{24F3809B-4DEE-4219-9A2E-3BE6CC108F17}.Debug|x86.Build.0 = Debug|Win32
		{24F3809B-4DEE-4219-9A2E-3BE6CC108F17}.Release|x64.ActiveCfg = Release|x64
		{24F3809B-4DEE-4219-9A2E-3BE6CC108F17}.Release|x64.Build.0 = Release|x64
		{24F3809B-4DEE-4219-9A2E-3BE6CC108F17}.Release|x86.ActiveCfg = Release|Win32
		{24F3809B-4DEE-4219-9A2E-3BE6CC108F17}.Release|x86.Build.0 = Release|Win32
		{1D7520B7-92DD-4008-A14B-55A2F9410207}.Debug|x64.ActiveCfg = Debug|x64
		{1D7520B7-92DD-4008-A14B-55A2F9410207}.Debug|x64.Build.0 = Debug|x64
		{1D7520B7-92DD-4008-A14B-55A2F9410207}.Debug|x86.ActiveCfg = Debug|Win32
		{1D7520B7-92DD-4008-A14B-55A2F9410207}.Debug|x86.Build.0 = Debug|Win32
		{1D7520B7-92DD-4008-A14B-55A2F9410207}.Release|x64.ActiveCfg = Release|x64
		{1D7520B7-92DD-4008-A14B-55A2F9410207}.Release|x64.Build.0 = Release|x64
		{1D7520B7-92DD-4008-A14B-55A2F9410207}.Release|x86.ActiveCfg = Release|Win32
		{1D7520B7-92DD-4008-A14B-55A2F9410207}.Release|x86.Build.0 = Release|Win32
		{895F415D-F31C-42A7-B991-384E02E89842}.Debug|x64.ActiveCfg = Debug|x64
		{895F415D-F31C-42A7-B991-384E02E89842}.Debug|x64.Build.0 = Debug|x64
		{895F415D-F31C-42A7-B991-384E02E89842}.Debug|x86.ActiveCfg = Debug|Win32
		{895F415D-F31C-42A7-B991-384E02E89842}.Debug|x86.Build.0 = Debug|Win32
		{895F415D-F31C-42A7-B991-384E02E89842}.Release|x64.ActiveCfg = Release|x64
		{895F415D-F31C-42A7-B991-384E02E89842}.Release|x64.Build.0 = Release|x64
		{895F415D-F31C-42A7-B991-384E02E89842}.Release|x86.ActiveCfg = Release|Win32
		{895F415D-F31C-42A7-B991-384E02E89842}.Release|x86.Build.0 = Release|Win32
		{31A7E0FE-CC3D-4DC0-8A18-A7C919675098}.Debug|x64.ActiveCfg = Debug|x64
		{31A7E0FE-CC3D-4DC0-8A18-A7C919675098}.Debug|x64.Build.0 = Debug|x64
		{31A7E0FE-CC3D-4DC0-8A18-A7C919675098}.Debug|x86.ActiveCfg = Debug|Win32
		{31A7E0FE-CC3D-4DC0-8A18-A7C919675098}.Debug|x86.Build.0 = Debug|Win32
		{31A7E0FE-CC3D-4DC0-8A18-A7C919675098}.Release|x64.ActiveCfg = Release|x64
		{31A7E0FE-CC3D-4DC0-8A18-A7C919675098}.Release|x64.Build.0 = Release|x64
		{31A7E0FE-CC3D-4DC0-8A18-A7C919675098}.Release|x86.ActiveCfg = Release|Win32
		{31A7E0FE-CC3D-4DC0-8A18-A7C919675098}.Release|x86.Build.0 = Release|Win32
	EndGlobalSection
	GlobalSection(SolutionProperties) = preSolution
		HideSolutionNode = FALSE
	EndGlobalSection
	GlobalSection(ExtensibilityGlobals) = postSolution
		SolutionGuid = {34790A7A-06AB-4F16-86C9-BF25A878F388}
	EndGlobalSection
EndGlobal
